# This file is automatically @generated by Cargo.
# It is not intended for manual editing.
version = 3

[[package]]
name = "dupefinder"
version = "0.2.0"
dependencies = [
 "log",
 "xxhash-rust",
]

[[package]]
name = "log"
version = "0.4.20"
source = "registry+https://github.com/rust-lang/crates.io-index"
checksum = "b5e6163cb8c49088c2c36f57875e58ccd8c87c7427f7fbd50ea6710b2f3f2e8f"

[[package]]
name = "xxhash-rust"
version = "0.8.8"
source = "registry+https://github.com/rust-lang/crates.io-index"
checksum = "53be06678ed9e83edb1745eb72efc0bbcd7b5c3c35711a860906aed827a13d61"
